
Microsoft Visual Studio Solution File, Format Version 12.00
# Visual Studio Version 16
VisualStudioVersion = 16.0.33214.272
MinimumVisualStudioVersion = 10.0.40219.1
Project("{FAE04EC0-301F-11D3-BF4B-00C04F79EFBC}") = "Aula08Correcao", "Aula08Correcao\Aula08Correcao.csproj", "{4BAB13BC-E535-4740-88BF-94051FD4F97B}"
EndProject
Global
	GlobalSection(SolutionConfigurationPlatforms) = preSolution
		Debug|Any CPU = Debug|Any CPU
		Release|Any CPU = Release|Any CPU
	EndGlobalSection
	GlobalSection(ProjectConfigurationPlatforms) = postSolution
		{4BAB13BC-E535-4740-88BF-94051FD4F97B}.Debug|Any CPU.ActiveCfg = Debug|Any CPU
		{4BAB13BC-E535-4740-88BF-94051FD4F97B}.Debug|Any CPU.Build.0 = Debug|Any CPU
		{4BAB13BC-E535-4740-88BF-94051FD4F97B}.Release|Any CPU.ActiveCfg = Release|Any CPU
		{4BAB13BC-E535-4740-88BF-94051FD4F97B}.Release|Any CPU.Build.0 = Release|Any CPU
	EndGlobalSection
	GlobalSection(SolutionProperties) = preSolution
		HideSolutionNode = FALSE
	EndGlobalSection
	GlobalSection(ExtensibilityGlobals) = postSolution
		SolutionGuid = {F7C95DFC-E097-4080-8533-7AB42DE2BE3B}
	EndGlobalSection
EndGlobal
